
Microsoft Visual Studio Solution File, Format Version 12.00
# Visual Studio Version 17
VisualStudioVersion = 17.12.35527.113
MinimumVisualStudioVersion = 10.0.40219.1
Project("{2150E333-8FDC-42A3-9474-1A3956D46DE8}") = "Frontend", "Frontend", "{E819DEFC-70C0-4CA1-9B5A-A39B19B48BF7}"
EndProject
Project("{2150E333-8FDC-42A3-9474-1A3956D46DE8}") = "src", "src", "{E4B8BFE3-1CCA-4104-8A23-900340B95743}"
EndProject
Project("{2150E333-8FDC-42A3-9474-1A3956D46DE8}") = "Backend", "Backend", "{3F1F356F-C123-4A0A-B22F-82AF03F959DA}"
EndProject
Project("{FAE04EC0-301F-11D3-BF4B-00C04F79EFBC}") = "DEAT.AdminUI", "src\Frontend\DEAT.AdminUI\DEAT.AdminUI.csproj", "{47E94149-AA0D-42B9-B587-436B1F97CC14}"
EndProject
Project("{FAE04EC0-301F-11D3-BF4B-00C04F79EFBC}") = "DEAT.AdminUI.Services", "src\Frontend\DEAT.AdminUI.Services\DEAT.AdminUI.Services.csproj", "{DF0DF74C-CD81-4C8E-A014-423B482437F7}"
EndProject
Project("{FAE04EC0-301F-11D3-BF4B-00C04F79EFBC}") = "DEAT.WebAPI", "src\Backend\DEAT.WebAPI\DEAT.WebAPI.csproj", "{E0A01820-D08B-4E13-B655-7B7BC91D0628}"
EndProject
Project("{FAE04EC0-301F-11D3-BF4B-00C04F79EFBC}") = "DEAT.WebAPI.Services", "src\Backend\DEAT.WebAPI.Services\DEAT.WebAPI.Services.csproj", "{E0013149-1D23-4F2B-84F1-4D238B36D90B}"
EndProject
Project("{FAE04EC0-301F-11D3-BF4B-00C04F79EFBC}") = "DEAT.Data.Models", "src\Backend\DEAT.Data.Models\DEAT.Data.Models.csproj", "{486FFE20-8751-45CA-8C0D-18ADFE06EB0A}"
EndProject
Project("{2150E333-8FDC-42A3-9474-1A3956D46DE8}") = "Solution items", "Solution items", "{EB7FA00D-1322-4E4B-AA42-77DD7F9BF5D8}"
	ProjectSection(SolutionItems) = preProject
		README.md = README.md
	EndProjectSection
EndProject
Project("{2150E333-8FDC-42A3-9474-1A3956D46DE8}") = "Images", "Images", "{329E11C2-6F1B-4BE9-A8AE-147AF4DF6794}"
EndProject
Global
	GlobalSection(SolutionConfigurationPlatforms) = preSolution
		Debug|Any CPU = Debug|Any CPU
		Release|Any CPU = Release|Any CPU
	EndGlobalSection
	GlobalSection(ProjectConfigurationPlatforms) = postSolution
		{47E94149-AA0D-42B9-B587-436B1F97CC14}.Debug|Any CPU.ActiveCfg = Debug|Any CPU
		{47E94149-AA0D-42B9-B587-436B1F97CC14}.Debug|Any CPU.Build.0 = Debug|Any CPU
		{47E94149-AA0D-42B9-B587-436B1F97CC14}.Release|Any CPU.ActiveCfg = Release|Any CPU
		{47E94149-AA0D-42B9-B587-436B1F97CC14}.Release|Any CPU.Build.0 = Release|Any CPU
		{DF0DF74C-CD81-4C8E-A014-423B482437F7}.Debug|Any CPU.ActiveCfg = Debug|Any CPU
		{DF0DF74C-CD81-4C8E-A014-423B482437F7}.Debug|Any CPU.Build.0 = Debug|Any CPU
		{DF0DF74C-CD81-4C8E-A014-423B482437F7}.Release|Any CPU.ActiveCfg = Release|Any CPU
		{DF0DF74C-CD81-4C8E-A014-423B482437F7}.Release|Any CPU.Build.0 = Release|Any CPU
		{E0A01820-D08B-4E13-B655-7B7BC91D0628}.Debug|Any CPU.ActiveCfg = Debug|Any CPU
		{E0A01820-D08B-4E13-B655-7B7BC91D0628}.Debug|Any CPU.Build.0 = Debug|Any CPU
		{E0A01820-D08B-4E13-B655-7B7BC91D0628}.Release|Any CPU.ActiveCfg = Release|Any CPU
		{E0A01820-D08B-4E13-B655-7B7BC91D0628}.Release|Any CPU.Build.0 = Release|Any CPU
		{E0013149-1D23-4F2B-84F1-4D238B36D90B}.Debug|Any CPU.ActiveCfg = Debug|Any CPU
		{E0013149-1D23-4F2B-84F1-4D238B36D90B}.Debug|Any CPU.Build.0 = Debug|Any CPU
		{E0013149-1D23-4F2B-84F1-4D238B36D90B}.Release|Any CPU.ActiveCfg = Release|Any CPU
		{E0013149-1D23-4F2B-84F1-4D238B36D90B}.Release|Any CPU.Build.0 = Release|Any CPU
		{486FFE20-8751-45CA-8C0D-18ADFE06EB0A}.Debug|Any CPU.ActiveCfg = Debug|Any CPU
		{486FFE20-8751-45CA-8C0D-18ADFE06EB0A}.Debug|Any CPU.Build.0 = Debug|Any CPU
		{486FFE20-8751-45CA-8C0D-18ADFE06EB0A}.Release|Any CPU.ActiveCfg = Release|Any CPU
		{486FFE20-8751-45CA-8C0D-18ADFE06EB0A}.Release|Any CPU.Build.0 = Release|Any CPU
	EndGlobalSection
	GlobalSection(SolutionProperties) = preSolution
		HideSolutionNode = FALSE
	EndGlobalSection
	GlobalSection(NestedProjects) = preSolution
		{E819DEFC-70C0-4CA1-9B5A-A39B19B48BF7} = {E4B8BFE3-1CCA-4104-8A23-900340B95743}
		{3F1F356F-C123-4A0A-B22F-82AF03F959DA} = {E4B8BFE3-1CCA-4104-8A23-900340B95743}
		{47E94149-AA0D-42B9-B587-436B1F97CC14} = {E819DEFC-70C0-4CA1-9B5A-A39B19B48BF7}
		{DF0DF74C-CD81-4C8E-A014-423B482437F7} = {E819DEFC-70C0-4CA1-9B5A-A39B19B48BF7}
		{E0A01820-D08B-4E13-B655-7B7BC91D0628} = {3F1F356F-C123-4A0A-B22F-82AF03F959DA}
		{E0013149-1D23-4F2B-84F1-4D238B36D90B} = {3F1F356F-C123-4A0A-B22F-82AF03F959DA}
		{486FFE20-8751-45CA-8C0D-18ADFE06EB0A} = {3F1F356F-C123-4A0A-B22F-82AF03F959DA}
	EndGlobalSection
EndGlobal
